// !$*UTF8*$!
{
	archiveVersion = 1;
	classes = {
	};
	objectVersion = 56;
	objects = {

/* Begin PBXBuildFile section */
		3FCD58332A5D407500E8F86C /* AppDelegate.swift in Sources */ = {isa = PBXBuildFile; fileRef = 3FCD58322A5D407500E8F86C /* AppDelegate.swift */; };
		3FCD58352A5D407500E8F86C /* SceneDelegate.swift in Sources */ = {isa = PBXBuildFile; fileRef = 3FCD58342A5D407500E8F86C /* SceneDelegate.swift */; };
		3FCD58372A5D407500E8F86C /* ViewController.swift in Sources */ = {isa = PBXBuildFile; fileRef = 3FCD58362A5D407500E8F86C /* ViewController.swift */; };
		3FCD583A2A5D407500E8F86C /* Main.storyboard in Resources */ = {isa = PBXBuildFile; fileRef = 3FCD58382A5D407500E8F86C /* Main.storyboard */; };
		3FCD583C2A5D407700E8F86C /* Assets.xcassets in Resources */ = {isa = PBXBuildFile; fileRef = 3FCD583B2A5D407700E8F86C /* Assets.xcassets */; };
		3FCD583F2A5D407700E8F86C /* LaunchScreen.storyboard in Resources */ = {isa = PBXBuildFile; fileRef = 3FCD583D2A5D407700E8F86C /* LaunchScreen.storyboard */; };
		3FCD584A2A5D407800E8F86C /* SwapiAppTests.swift in Sources */ = {isa = PBXBuildFile; fileRef = 3FCD58492A5D407800E8F86C /* SwapiAppTests.swift */; };
		3FCD58642A5D418D00E8F86C /* EnkiDesignSystem in Frameworks */ = {isa = PBXBuildFile; productRef = 3FCD58632A5D418D00E8F86C /* EnkiDesignSystem */; };
		3FCD58672A5D42B300E8F86C /* Domain in Resources */ = {isa = PBXBuildFile; fileRef = 3FCD58662A5D42B200E8F86C /* Domain */; };
		3FCD58692A5D455200E8F86C /* Data in Resources */ = {isa = PBXBuildFile; fileRef = 3FCD58682A5D455200E8F86C /* Data */; };
/* End PBXBuildFile section */

/* Begin PBXContainerItemProxy section */
		3FCD58462A5D407800E8F86C /* PBXContainerItemProxy */ = {
			isa = PBXContainerItemProxy;
			containerPortal = 3FCD58272A5D407500E8F86C /* Project object */;
			proxyType = 1;
			remoteGlobalIDString = 3FCD582E2A5D407500E8F86C;
			remoteInfo = SwapiApp;
		};
		3FCD58502A5D407800E8F86C /* PBXContainerItemProxy */ = {
			isa = PBXContainerItemProxy;
			containerPortal = 3FCD58272A5D407500E8F86C /* Project object */;
			proxyType = 1;
			remoteGlobalIDString = 3FCD582E2A5D407500E8F86C;
			remoteInfo = SwapiApp;
		};
/* End PBXContainerItemProxy section */

/* Begin PBXFileReference section */
		3FCD582F2A5D407500E8F86C /* SwapiApp.app */ = {isa = PBXFileReference; explicitFileType = wrapper.application; includeInIndex = 0; path = SwapiApp.app; sourceTree = BUILT_PRODUCTS_DIR; };
		3FCD58322A5D407500E8F86C /* AppDelegate.swift */ = {isa = PBXFileReference; lastKnownFileType = sourcecode.swift; path = AppDelegate.swift; sourceTree = "<group>"; };
		3FCD58342A5D407500E8F86C /* SceneDelegate.swift */ = {isa = PBXFileReference; lastKnownFileType = sourcecode.swift; path = SceneDelegate.swift; sourceTree = "<group>"; };
		3FCD58362A5D407500E8F86C /* ViewController.swift */ = {isa = PBXFileReference; lastKnownFileType = sourcecode.swift; path = ViewController.swift; sourceTree = "<group>"; };
		3FCD58392A5D407500E8F86C /* Base */ = {isa = PBXFileReference; lastKnownFileType = file.storyboard; name = Base; path = Base.lproj/Main.storyboard; sourceTree = "<group>"; };
		3FCD583B2A5D407700E8F86C /* Assets.xcassets */ = {isa = PBXFileReference; lastKnownFileType = folder.assetcatalog; path = Assets.xcassets; sourceTree = "<group>"; };
		3FCD583E2A5D407700E8F86C /* Base */ = {isa = PBXFileReference; lastKnownFileType = file.storyboard; name = Base; path = Base.lproj/LaunchScreen.storyboard; sourceTree = "<group>"; };
		3FCD58402A5D407700E8F86C /* Info.plist */ = {isa = PBXFileReference; lastKnownFileType = text.plist.xml; path = Info.plist; sourceTree = "<group>"; };
		3FCD58452A5D407800E8F86C /* SwapiAppTests.xctest */ = {isa = PBXFileReference; explicitFileType = wrapper.cfbundle; includeInIndex = 0; path = SwapiAppTests.xctest; sourceTree = BUILT_PRODUCTS_DIR; };
		3FCD58492A5D407800E8F86C /* SwapiAppTests.swift */ = {isa = PBXFileReference; lastKnownFileType = sourcecode.swift; path = SwapiAppTests.swift; sourceTree = "<group>"; };
		3FCD584F2A5D407800E8F86C /* SwapiAppUITests.xctest */ = {isa = PBXFileReference; explicitFileType = wrapper.cfbundle; includeInIndex = 0; path = SwapiAppUITests.xctest; sourceTree = BUILT_PRODUCTS_DIR; };
		3FCD58662A5D42B200E8F86C /* Domain */ = {isa = PBXFileReference; lastKnownFileType = wrapper; path = Domain; sourceTree = "<group>"; };
		3FCD58682A5D455200E8F86C /* Data */ = {isa = PBXFileReference; lastKnownFileType = wrapper; path = Data; sourceTree = "<group>"; };
/* End PBXFileReference section */

/* Begin PBXFrameworksBuildPhase section */
		3FCD582C2A5D407500E8F86C /* Frameworks */ = {
			isa = PBXFrameworksBuildPhase;
			buildActionMask = 2147483647;
			files = (
				3FCD58642A5D418D00E8F86C /* EnkiDesignSystem in Frameworks */,
			);
			runOnlyForDeploymentPostprocessing = 0;
		};
		3FCD58422A5D407800E8F86C /* Frameworks */ = {
			isa = PBXFrameworksBuildPhase;
			buildActionMask = 2147483647;
			files = (
			);
			runOnlyForDeploymentPostprocessing = 0;
		};
		3FCD584C2A5D407800E8F86C /* Frameworks */ = {
			isa = PBXFrameworksBuildPhase;
			buildActionMask = 2147483647;
			files = (
			);
			runOnlyForDeploymentPostprocessing = 0;
		};
/* End PBXFrameworksBuildPhase section */

/* Begin PBXGroup section */
		3FCD58262A5D407500E8F86C = {
			isa = PBXGroup;
			children = (
				3FCD58312A5D407500E8F86C /* SwapiApp */,
				3FCD58482A5D407800E8F86C /* SwapiAppTests */,
				3FCD58302A5D407500E8F86C /* Products */,
			);
			sourceTree = "<group>";
		};
		3FCD58302A5D407500E8F86C /* Products */ = {
			isa = PBXGroup;
			children = (
				3FCD582F2A5D407500E8F86C /* SwapiApp.app */,
				3FCD58452A5D407800E8F86C /* SwapiAppTests.xctest */,
				3FCD584F2A5D407800E8F86C /* SwapiAppUITests.xctest */,
			);
			name = Products;
			sourceTree = "<group>";
		};
		3FCD58312A5D407500E8F86C /* SwapiApp */ = {
			isa = PBXGroup;
			children = (
				3FCD58682A5D455200E8F86C /* Data */,
				3FCD58662A5D42B200E8F86C /* Domain */,
				3FCD58322A5D407500E8F86C /* AppDelegate.swift */,
				3FCD58342A5D407500E8F86C /* SceneDelegate.swift */,
				3FCD58362A5D407500E8F86C /* ViewController.swift */,
				3FCD58382A5D407500E8F86C /* Main.storyboard */,
				3FCD583B2A5D407700E8F86C /* Assets.xcassets */,
				3FCD583D2A5D407700E8F86C /* LaunchScreen.storyboard */,
				3FCD58402A5D407700E8F86C /* Info.plist */,
			);
			path = SwapiApp;
			sourceTree = "<group>";
		};
		3FCD58482A5D407800E8F86C /* SwapiAppTests */ = {
			isa = PBXGroup;
			children = (
				3FCD58492A5D407800E8F86C /* SwapiAppTests.swift */,
			);
			path = SwapiAppTests;
			sourceTree = "<group>";
		};
/* End PBXGroup section */

/* Begin PBXNativeTarget section */
		3FCD582E2A5D407500E8F86C /* SwapiApp */ = {
			isa = PBXNativeTarget;
			buildConfigurationList = 3FCD58592A5D407800E8F86C /* Build configuration list for PBXNativeTarget "SwapiApp" */;
			buildPhases = (
				3FCD582B2A5D407500E8F86C /* Sources */,
				3FCD582C2A5D407500E8F86C /* Frameworks */,
				3FCD582D2A5D407500E8F86C /* Resources */,
			);
			buildRules = (
			);
			dependencies = (
			);
			name = SwapiApp;
			packageProductDependencies = (
				3FCD58632A5D418D00E8F86C /* EnkiDesignSystem */,
			);
			productName = SwapiApp;
			productReference = 3FCD582F2A5D407500E8F86C /* SwapiApp.app */;
			productType = "com.apple.product-type.application";
		};
		3FCD58442A5D407800E8F86C /* SwapiAppTests */ = {
			isa = PBXNativeTarget;
			buildConfigurationList = 3FCD585C2A5D407800E8F86C /* Build configuration list for PBXNativeTarget "SwapiAppTests" */;
			buildPhases = (
				3FCD58412A5D407800E8F86C /* Sources */,
				3FCD58422A5D407800E8F86C /* Frameworks */,
				3FCD58432A5D407800E8F86C /* Resources */,
			);
			buildRules = (
			);
			dependencies = (
				3FCD58472A5D407800E8F86C /* PBXTargetDependency */,
			);
			name = SwapiAppTests;
			productName = SwapiAppTests;
			productReference = 3FCD58452A5D407800E8F86C /* SwapiAppTests.xctest */;
			productType = "com.apple.product-type.bundle.unit-test";
		};
		3FCD584E2A5D407800E8F86C /* SwapiAppUITests */ = {
			isa = PBXNativeTarget;
			buildConfigurationList = 3FCD585F2A5D407800E8F86C /* Build configuration list for PBXNativeTarget "SwapiAppUITests" */;
			buildPhases = (
				3FCD584B2A5D407800E8F86C /* Sources */,
				3FCD584C2A5D407800E8F86C /* Frameworks */,
				3FCD584D2A5D407800E8F86C /* Resources */,
			);
			buildRules = (
			);
			dependencies = (
				3FCD58512A5D407800E8F86C /* PBXTargetDependency */,
			);
			name = SwapiAppUITests;
			productName = SwapiAppUITests;
			productReference = 3FCD584F2A5D407800E8F86C /* SwapiAppUITests.xctest */;
			productType = "com.apple.product-type.bundle.ui-testing";
		};
/* End PBXNativeTarget section */

/* Begin PBXProject section */
		3FCD58272A5D407500E8F86C /* Project object */ = {
			isa = PBXProject;
			attributes = {
				BuildIndependentTargetsInParallel = 1;
				LastSwiftUpdateCheck = 1430;
				LastUpgradeCheck = 1430;
				TargetAttributes = {
					3FCD582E2A5D407500E8F86C = {
						CreatedOnToolsVersion = 14.3.1;
					};
					3FCD58442A5D407800E8F86C = {
						CreatedOnToolsVersion = 14.3.1;
						TestTargetID = 3FCD582E2A5D407500E8F86C;
					};
					3FCD584E2A5D407800E8F86C = {
						CreatedOnToolsVersion = 14.3.1;
						TestTargetID = 3FCD582E2A5D407500E8F86C;
					};
				};
			};
			buildConfigurationList = 3FCD582A2A5D407500E8F86C /* Build configuration list for PBXProject "SwapiApp" */;
			compatibilityVersion = "Xcode 14.0";
			developmentRegion = en;
			hasScannedForEncodings = 0;
			knownRegions = (
				en,
				Base,
			);
			mainGroup = 3FCD58262A5D407500E8F86C;
			packageReferences = (
				3FCD58622A5D418D00E8F86C /* XCRemoteSwiftPackageReference "enki-design-system-ios" */,
			);
			productRefGroup = 3FCD58302A5D407500E8F86C /* Products */;
			projectDirPath = "";
			projectRoot = "";
			targets = (
				3FCD582E2A5D407500E8F86C /* SwapiApp */,
				3FCD58442A5D407800E8F86C /* SwapiAppTests */,
				3FCD584E2A5D407800E8F86C /* SwapiAppUITests */,
			);
		};
/* End PBXProject section */

/* Begin PBXResourcesBuildPhase section */
		3FCD582D2A5D407500E8F86C /* Resources */ = {
			isa = PBXResourcesBuildPhase;
			buildActionMask = 2147483647;
			files = (
				3FCD583F2A5D407700E8F86C /* LaunchScreen.storyboard in Resources */,
				3FCD583C2A5D407700E8F86C /* Assets.xcassets in Resources */,
				3FCD58692A5D455200E8F86C /* Data in Resources */,
				3FCD58672A5D42B300E8F86C /* Domain in Resources */,
				3FCD583A2A5D407500E8F86C /* Main.storyboard in Resources */,
			);
			runOnlyForDeploymentPostprocessing = 0;
		};
		3FCD58432A5D407800E8F86C /* Resources */ = {
			isa = PBXResourcesBuildPhase;
			buildActionMask = 2147483647;
			files = (
			);
			runOnlyForDeploymentPostprocessing = 0;
		};
		3FCD584D2A5D407800E8F86C /* Resources */ = {
			isa = PBXResourcesBuildPhase;
			buildActionMask = 2147483647;
			files = (
			);
			runOnlyForDeploymentPostprocessing = 0;
		};
/* End PBXResourcesBuildPhase section */

/* Begin PBXSourcesBuildPhase section */
		3FCD582B2A5D407500E8F86C /* Sources */ = {
			isa = PBXSourcesBuildPhase;
			buildActionMask = 2147483647;
			files = (
				3FCD58372A5D407500E8F86C /* ViewController.swift in Sources */,
				3FCD58332A5D407500E8F86C /* AppDelegate.swift in Sources */,
				3FCD58352A5D407500E8F86C /* SceneDelegate.swift in Sources */,
			);
			runOnlyForDeploymentPostprocessing = 0;
		};
		3FCD58412A5D407800E8F86C /* Sources */ = {
			isa = PBXSourcesBuildPhase;
			buildActionMask = 2147483647;
			files = (
				3FCD584A2A5D407800E8F86C /* SwapiAppTests.swift in Sources */,
			);
			runOnlyForDeploymentPostprocessing = 0;
		};
		3FCD584B2A5D407800E8F86C /* Sources */ = {
			isa = PBXSourcesBuildPhase;
			buildActionMask = 2147483647;
			files = (
			);
			runOnlyForDeploymentPostprocessing = 0;
		};
/* End PBXSourcesBuildPhase section */

/* Begin PBXTargetDependency section */
		3FCD58472A5D407800E8F86C /* PBXTargetDependency */ = {
			isa = PBXTargetDependency;
			target = 3FCD582E2A5D407500E8F86C /* SwapiApp */;
			targetProxy = 3FCD58462A5D407800E8F86C /* PBXContainerItemProxy */;
		};
		3FCD58512A5D407800E8F86C /* PBXTargetDependency */ = {
			isa = PBXTargetDependency;
			target = 3FCD582E2A5D407500E8F86C /* SwapiApp */;
			targetProxy = 3FCD58502A5D407800E8F86C /* PBXContainerItemProxy */;
		};
/* End PBXTargetDependency section */

/* Begin PBXVariantGroup section */
		3FCD58382A5D407500E8F86C /* Main.storyboard */ = {
			isa = PBXVariantGroup;
			children = (
				3FCD58392A5D407500E8F86C /* Base */,
			);
			name = Main.storyboard;
			sourceTree = "<group>";
		};
		3FCD583D2A5D407700E8F86C /* LaunchScreen.storyboard */ = {
			isa = PBXVariantGroup;
			children = (
				3FCD583E2A5D407700E8F86C /* Base */,
			);
			name = LaunchScreen.storyboard;
			sourceTree = "<group>";
		};
/* End PBXVariantGroup section */

/* Begin XCBuildConfiguration section */
		3FCD58572A5D407800E8F86C /* Debug */ = {
			isa = XCBuildConfiguration;
			buildSettings = {
				ALWAYS_SEARCH_USER_PATHS = NO;
				CLANG_ANALYZER_NONNULL = YES;
				CLANG_ANALYZER_NUMBER_OBJECT_CONVERSION = YES_AGGRESSIVE;
				CLANG_CXX_LANGUAGE_STANDARD = "gnu++20";
				CLANG_ENABLE_MODULES = YES;
				CLANG_ENABLE_OBJC_ARC = YES;
				CLANG_ENABLE_OBJC_WEAK = YES;
				CLANG_WARN_BLOCK_CAPTURE_AUTORELEASING = YES;
				CLANG_WARN_BOOL_CONVERSION = YES;
				CLANG_WARN_COMMA = YES;
				CLANG_WARN_CONSTANT_CONVERSION = YES;
				CLANG_WARN_DEPRECATED_OBJC_IMPLEMENTATIONS = YES;
				CLANG_WARN_DIRECT_OBJC_ISA_USAGE = YES_ERROR;
				CLANG_WARN_DOCUMENTATION_COMMENTS = YES;
				CLANG_WARN_EMPTY_BODY = YES;
				CLANG_WARN_ENUM_CONVERSION = YES;
				CLANG_WARN_INFINITE_RECURSION = YES;
				CLANG_WARN_INT_CONVERSION = YES;
				CLANG_WARN_NON_LITERAL_NULL_CONVERSION = YES;
				CLANG_WARN_OBJC_IMPLICIT_RETAIN_SELF = YES;
				CLANG_WARN_OBJC_LITERAL_CONVERSION = YES;
				CLANG_WARN_OBJC_ROOT_CLASS = YES_ERROR;
				CLANG_WARN_QUOTED_INCLUDE_IN_FRAMEWORK_HEADER = YES;
				CLANG_WARN_RANGE_LOOP_ANALYSIS = YES;
				CLANG_WARN_STRICT_PROTOTYPES = YES;
				CLANG_WARN_SUSPICIOUS_MOVE = YES;
				CLANG_WARN_UNGUARDED_AVAILABILITY = YES_AGGRESSIVE;
				CLANG_WARN_UNREACHABLE_CODE = YES;
				CLANG_WARN__DUPLICATE_METHOD_MATCH = YES;
				COPY_PHASE_STRIP = NO;
				DEBUG_INFORMATION_FORMAT = dwarf;
				ENABLE_STRICT_OBJC_MSGSEND = YES;
				ENABLE_TESTABILITY = YES;
				GCC_C_LANGUAGE_STANDARD = gnu11;
				GCC_DYNAMIC_NO_PIC = NO;
				GCC_NO_COMMON_BLOCKS = YES;
				GCC_OPTIMIZATION_LEVEL = 0;
				GCC_PREPROCESSOR_DEFINITIONS = (
					"DEBUG=1",
					"$(inherited)",
				);
				GCC_WARN_64_TO_32_BIT_CONVERSION = YES;
				GCC_WARN_ABOUT_RETURN_TYPE = YES_ERROR;
				GCC_WARN_UNDECLARED_SELECTOR = YES;
				GCC_WARN_UNINITIALIZED_AUTOS = YES_AGGRESSIVE;
				GCC_WARN_UNUSED_FUNCTION = YES;
				GCC_WARN_UNUSED_VARIABLE = YES;
				IPHONEOS_DEPLOYMENT_TARGET = 16.4;
				MTL_ENABLE_DEBUG_INFO = INCLUDE_SOURCE;
				MTL_FAST_MATH = YES;
				ONLY_ACTIVE_ARCH = YES;
				SDKROOT = iphoneos;
				SWIFT_ACTIVE_COMPILATION_CONDITIONS = DEBUG;
				SWIFT_OPTIMIZATION_LEVEL = "-Onone";
			};
			name = Debug;
		};
		3FCD58582A5D407800E8F86C /* Release */ = {
			isa = XCBuildConfiguration;
			buildSettings = {
				ALWAYS_SEARCH_USER_PATHS = NO;
				CLANG_ANALYZER_NONNULL = YES;
				CLANG_ANALYZER_NUMBER_OBJECT_CONVERSION = YES_AGGRESSIVE;
				CLANG_CXX_LANGUAGE_STANDARD = "gnu++20";
				CLANG_ENABLE_MODULES = YES;
				CLANG_ENABLE_OBJC_ARC = YES;
				CLANG_ENABLE_OBJC_WEAK = YES;
				CLANG_WARN_BLOCK_CAPTURE_AUTORELEASING = YES;
				CLANG_WARN_BOOL_CONVERSION = YES;
				CLANG_WARN_COMMA = YES;
				CLANG_WARN_CONSTANT_CONVERSION = YES;
				CLANG_WARN_DEPRECATED_OBJC_IMPLEMENTATIONS = YES;
				CLANG_WARN_DIRECT_OBJC_ISA_USAGE = YES_ERROR;
				CLANG_WARN_DOCUMENTATION_COMMENTS = YES;
				CLANG_WARN_EMPTY_BODY = YES;
				CLANG_WARN_ENUM_CONVERSION = YES;
				CLANG_WARN_INFINITE_RECURSION = YES;
				CLANG_WARN_INT_CONVERSION = YES;
				CLANG_WARN_NON_LITERAL_NULL_CONVERSION = YES;
				CLANG_WARN_OBJC_IMPLICIT_RETAIN_SELF = YES;
				CLANG_WARN_OBJC_LITERAL_CONVERSION = YES;
				CLANG_WARN_OBJC_ROOT_CLASS = YES_ERROR;
				CLANG_WARN_QUOTED_INCLUDE_IN_FRAMEWORK_HEADER = YES;
				CLANG_WARN_RANGE_LOOP_ANALYSIS = YES;
				CLANG_WARN_STRICT_PROTOTYPES = YES;
				CLANG_WARN_SUSPICIOUS_MOVE = YES;
				CLANG_WARN_UNGUARDED_AVAILABILITY = YES_AGGRESSIVE;
				CLANG_WARN_UNREACHABLE_CODE = YES;
				CLANG_WARN__DUPLICATE_METHOD_MATCH = YES;
				COPY_PHASE_STRIP = NO;
				DEBUG_INFORMATION_FORMAT = "dwarf-with-dsym";
				ENABLE_NS_ASSERTIONS = NO;
				ENABLE_STRICT_OBJC_MSGSEND = YES;
				GCC_C_LANGUAGE_STANDARD = gnu11;
				GCC_NO_COMMON_BLOCKS = YES;
				GCC_WARN_64_TO_32_BIT_CONVERSION = YES;
				GCC_WARN_ABOUT_RETURN_TYPE = YES_ERROR;
				GCC_WARN_UNDECLARED_SELECTOR = YES;
				GCC_WARN_UNINITIALIZED_AUTOS = YES_AGGRESSIVE;
				GCC_WARN_UNUSED_FUNCTION = YES;
				GCC_WARN_UNUSED_VARIABLE = YES;
				IPHONEOS_DEPLOYMENT_TARGET = 16.4;
				MTL_ENABLE_DEBUG_INFO = NO;
				MTL_FAST_MATH = YES;
				SDKROOT = iphoneos;
				SWIFT_COMPILATION_MODE = wholemodule;
				SWIFT_OPTIMIZATION_LEVEL = "-O";
				VALIDATE_PRODUCT = YES;
			};
			name = Release;
		};
		3FCD585A2A5D407800E8F86C /* Debug */ = {
			isa = XCBuildConfiguration;
			buildSettings = {
				ASSETCATALOG_COMPILER_APPICON_NAME = AppIcon;
				ASSETCATALOG_COMPILER_GLOBAL_ACCENT_COLOR_NAME = AccentColor;
				CODE_SIGN_STYLE = Automatic;
				CURRENT_PROJECT_VERSION = 1;
				GENERATE_INFOPLIST_FILE = YES;
				INFOPLIST_FILE = SwapiApp/Info.plist;
				INFOPLIST_KEY_UIApplicationSupportsIndirectInputEvents = YES;
				INFOPLIST_KEY_UILaunchStoryboardName = LaunchScreen;
				INFOPLIST_KEY_UIMainStoryboardFile = Main;
				INFOPLIST_KEY_UISupportedInterfaceOrientations_iPad = "UIInterfaceOrientationPortrait UIInterfaceOrientationPortraitUpsideDown UIInterfaceOrientationLandscapeLeft UIInterfaceOrientationLandscapeRight";
				INFOPLIST_KEY_UISupportedInterfaceOrientations_iPhone = "UIInterfaceOrientationPortrait UIInterfaceOrientationLandscapeLeft UIInterfaceOrientationLandscapeRight";
				LD_RUNPATH_SEARCH_PATHS = (
					"$(inherited)",
					"@executable_path/Frameworks",
				);
				MARKETING_VERSION = 1.0;
				PRODUCT_BUNDLE_IDENTIFIER = com.cousien.SwapiApp;
				PRODUCT_NAME = "$(TARGET_NAME)";
				SWIFT_EMIT_LOC_STRINGS = YES;
				SWIFT_VERSION = 5.0;
				TARGETED_DEVICE_FAMILY = "1,2";
			};
			name = Debug;
		};
		3FCD585B2A5D407800E8F86C /* Release */ = {
			isa = XCBuildConfiguration;
			buildSettings = {
				ASSETCATALOG_COMPILER_APPICON_NAME = AppIcon;
				ASSETCATALOG_COMPILER_GLOBAL_ACCENT_COLOR_NAME = AccentColor;
				CODE_SIGN_STYLE = Automatic;
				CURRENT_PROJECT_VERSION = 1;
				GENERATE_INFOPLIST_FILE = YES;
				INFOPLIST_FILE = SwapiApp/Info.plist;
				INFOPLIST_KEY_UIApplicationSupportsIndirectInputEvents = YES;
				INFOPLIST_KEY_UILaunchStoryboardName = LaunchScreen;
				INFOPLIST_KEY_UIMainStoryboardFile = Main;
				INFOPLIST_KEY_UISupportedInterfaceOrientations_iPad = "UIInterfaceOrientationPortrait UIInterfaceOrientationPortraitUpsideDown UIInterfaceOrientationLandscapeLeft UIInterfaceOrientationLandscapeRight";
				INFOPLIST_KEY_UISupportedInterfaceOrientations_iPhone = "UIInterfaceOrientationPortrait UIInterfaceOrientationLandscapeLeft UIInterfaceOrientationLandscapeRight";
				LD_RUNPATH_SEARCH_PATHS = (
					"$(inherited)",
					"@executable_path/Frameworks",
				);
				MARKETING_VERSION = 1.0;
				PRODUCT_BUNDLE_IDENTIFIER = com.cousien.SwapiApp;
				PRODUCT_NAME = "$(TARGET_NAME)";
				SWIFT_EMIT_LOC_STRINGS = YES;
				SWIFT_VERSION = 5.0;
				TARGETED_DEVICE_FAMILY = "1,2";
			};
			name = Release;
		};
		3FCD585D2A5D407800E8F86C /* Debug */ = {
			isa = XCBuildConfiguration;
			buildSettings = {
				ALWAYS_EMBED_SWIFT_STANDARD_LIBRARIES = YES;
				BUNDLE_LOADER = "$(TEST_HOST)";
				CODE_SIGN_STYLE = Automatic;
				CURRENT_PROJECT_VERSION = 1;
				GENERATE_INFOPLIST_FILE = YES;
				IPHONEOS_DEPLOYMENT_TARGET = 16.4;
				MARKETING_VERSION = 1.0;
				PRODUCT_BUNDLE_IDENTIFIER = com.cousien.SwapiAppTests;
				PRODUCT_NAME = "$(TARGET_NAME)";
				SWIFT_EMIT_LOC_STRINGS = NO;
				SWIFT_VERSION = 5.0;
				TARGETED_DEVICE_FAMILY = "1,2";
				TEST_HOST = "$(BUILT_PRODUCTS_DIR)/SwapiApp.app/$(BUNDLE_EXECUTABLE_FOLDER_PATH)/SwapiApp";
			};
			name = Debug;
		};
		3FCD585E2A5D407800E8F86C /* Release */ = {
			isa = XCBuildConfiguration;
			buildSettings = {
				ALWAYS_EMBED_SWIFT_STANDARD_LIBRARIES = YES;
				BUNDLE_LOADER = "$(TEST_HOST)";
				CODE_SIGN_STYLE = Automatic;
				CURRENT_PROJECT_VERSION = 1;
				GENERATE_INFOPLIST_FILE = YES;
				IPHONEOS_DEPLOYMENT_TARGET = 16.4;
				MARKETING_VERSION = 1.0;
				PRODUCT_BUNDLE_IDENTIFIER = com.cousien.SwapiAppTests;
				PRODUCT_NAME = "$(TARGET_NAME)";
				SWIFT_EMIT_LOC_STRINGS = NO;
				SWIFT_VERSION = 5.0;
				TARGETED_DEVICE_FAMILY = "1,2";
				TEST_HOST = "$(BUILT_PRODUCTS_DIR)/SwapiApp.app/$(BUNDLE_EXECUTABLE_FOLDER_PATH)/SwapiApp";
			};
			name = Release;
		};
		3FCD58602A5D407800E8F86C /* Debug */ = {
			isa = XCBuildConfiguration;
			buildSettings = {
				ALWAYS_EMBED_SWIFT_STANDARD_LIBRARIES = YES;
				CODE_SIGN_STYLE = Automatic;
				CURRENT_PROJECT_VERSION = 1;
				GENERATE_INFOPLIST_FILE = YES;
				MARKETING_VERSION = 1.0;
				PRODUCT_BUNDLE_IDENTIFIER = com.cousien.SwapiAppUITests;
				PRODUCT_NAME = "$(TARGET_NAME)";
				SWIFT_EMIT_LOC_STRINGS = NO;
				SWIFT_VERSION = 5.0;
				TARGETED_DEVICE_FAMILY = "1,2";
				TEST_TARGET_NAME = SwapiApp;
			};
			name = Debug;
		};
		3FCD58612A5D407800E8F86C /* Release */ = {
			isa = XCBuildConfiguration;
			buildSettings = {
				ALWAYS_EMBED_SWIFT_STANDARD_LIBRARIES = YES;
				CODE_SIGN_STYLE = Automatic;
				CURRENT_PROJECT_VERSION = 1;
				GENERATE_INFOPLIST_FILE = YES;
				MARKETING_VERSION = 1.0;
				PRODUCT_BUNDLE_IDENTIFIER = com.cousien.SwapiAppUITests;
				PRODUCT_NAME = "$(TARGET_NAME)";
				SWIFT_EMIT_LOC_STRINGS = NO;
				SWIFT_VERSION = 5.0;
				TARGETED_DEVICE_FAMILY = "1,2";
				TEST_TARGET_NAME = SwapiApp;
			};
			name = Release;
		};
/* End XCBuildConfiguration section */

/* Begin XCConfigurationList section */
		3FCD582A2A5D407500E8F86C /* Build configuration list for PBXProject "SwapiApp" */ = {
			isa = XCConfigurationList;
			buildConfigurations = (
				3FCD58572A5D407800E8F86C /* Debug */,
				3FCD58582A5D407800E8F86C /* Release */,
			);
			defaultConfigurationIsVisible = 0;
			defaultConfigurationName = Release;
		};
		3FCD58592A5D407800E8F86C /* Build configuration list for PBXNativeTarget "SwapiApp" */ = {
			isa = XCConfigurationList;
			buildConfigurations = (
				3FCD585A2A5D407800E8F86C /* Debug */,
				3FCD585B2A5D407800E8F86C /* Release */,
			);
			defaultConfigurationIsVisible = 0;
			defaultConfigurationName = Release;
		};
		3FCD585C2A5D407800E8F86C /* Build configuration list for PBXNativeTarget "SwapiAppTests" */ = {
			isa = XCConfigurationList;
			buildConfigurations = (
				3FCD585D2A5D407800E8F86C /* Debug */,
				3FCD585E2A5D407800E8F86C /* Release */,
			);
			defaultConfigurationIsVisible = 0;
			defaultConfigurationName = Release;
		};
		3FCD585F2A5D407800E8F86C /* Build configuration list for PBXNativeTarget "SwapiAppUITests" */ = {
			isa = XCConfigurationList;
			buildConfigurations = (
				3FCD58602A5D407800E8F86C /* Debug */,
				3FCD58612A5D407800E8F86C /* Release */,
			);
			defaultConfigurationIsVisible = 0;
			defaultConfigurationName = Release;
		};
/* End XCConfigurationList section */

/* Begin XCRemoteSwiftPackageReference section */
		3FCD58622A5D418D00E8F86C /* XCRemoteSwiftPackageReference "enki-design-system-ios" */ = {
			isa = XCRemoteSwiftPackageReference;
			repositoryURL = "https://github.com/adeo/enki-design-system-ios";
			requirement = {
				kind = upToNextMajorVersion;
				minimumVersion = 0.5.16;
			};
		};
/* End XCRemoteSwiftPackageReference section */

/* Begin XCSwiftPackageProductDependency section */
		3FCD58632A5D418D00E8F86C /* EnkiDesignSystem */ = {
			isa = XCSwiftPackageProductDependency;
			package = 3FCD58622A5D418D00E8F86C /* XCRemoteSwiftPackageReference "enki-design-system-ios" */;
			productName = EnkiDesignSystem;
		};
/* End XCSwiftPackageProductDependency section */
	};
	rootObject = 3FCD58272A5D407500E8F86C /* Project object */;
}
